// !$*UTF8*$!
{
	archiveVersion = 1;
	classes = {
	};
	objectVersion = 50;
	objects = {

/* Begin PBXBuildFile section */
		7163880C24D3071C00A551C8 /* DigitalClock12.swift in Sources */ = {isa = PBXBuildFile; fileRef = 7163880B24D3071C00A551C8 /* DigitalClock12.swift */; };
		7163880E24D307B900A551C8 /* TimeIndicator.swift in Sources */ = {isa = PBXBuildFile; fileRef = 7163880D24D307B900A551C8 /* TimeIndicator.swift */; };
		71AAF92824D1CF930097F048 /* AppDelegate.swift in Sources */ = {isa = PBXBuildFile; fileRef = 71AAF92724D1CF930097F048 /* AppDelegate.swift */; };
		71AAF92A24D1CF930097F048 /* SceneDelegate.swift in Sources */ = {isa = PBXBuildFile; fileRef = 71AAF92924D1CF930097F048 /* SceneDelegate.swift */; };
		71AAF92C24D1CF930097F048 /* ContentView.swift in Sources */ = {isa = PBXBuildFile; fileRef = 71AAF92B24D1CF930097F048 /* ContentView.swift */; };
		71AAF92E24D1CF980097F048 /* Assets.xcassets in Resources */ = {isa = PBXBuildFile; fileRef = 71AAF92D24D1CF980097F048 /* Assets.xcassets */; };
		71AAF93124D1CF980097F048 /* Preview Assets.xcassets in Resources */ = {isa = PBXBuildFile; fileRef = 71AAF93024D1CF980097F048 /* Preview Assets.xcassets */; };
		71AAF93424D1CF980097F048 /* LaunchScreen.storyboard in Resources */ = {isa = PBXBuildFile; fileRef = 71AAF93224D1CF980097F048 /* LaunchScreen.storyboard */; };
		71AAF93C24D1CFD20097F048 /* Segment.swift in Sources */ = {isa = PBXBuildFile; fileRef = 71AAF93B24D1CFD20097F048 /* Segment.swift */; };
		71AAF93E24D1D2000097F048 /* DigitalNumber.swift in Sources */ = {isa = PBXBuildFile; fileRef = 71AAF93D24D1D2000097F048 /* DigitalNumber.swift */; };
		71AAF94224D208CC0097F048 /* Colon.swift in Sources */ = {isa = PBXBuildFile; fileRef = 71AAF94124D208CC0097F048 /* Colon.swift */; };
		71AAF94424D20C8A0097F048 /* DigitalClock24.swift in Sources */ = {isa = PBXBuildFile; fileRef = 71AAF94324D20C8A0097F048 /* DigitalClock24.swift */; };
/* End PBXBuildFile section */

/* Begin PBXFileReference section */
		7163880B24D3071C00A551C8 /* DigitalClock12.swift */ = {isa = PBXFileReference; lastKnownFileType = sourcecode.swift; path = DigitalClock12.swift; sourceTree = "<group>"; };
		7163880D24D307B900A551C8 /* TimeIndicator.swift */ = {isa = PBXFileReference; lastKnownFileType = sourcecode.swift; path = TimeIndicator.swift; sourceTree = "<group>"; };
		71AAF92424D1CF930097F048 /* Digital Clock.app */ = {isa = PBXFileReference; explicitFileType = wrapper.application; includeInIndex = 0; path = "Digital Clock.app"; sourceTree = BUILT_PRODUCTS_DIR; };
		71AAF92724D1CF930097F048 /* AppDelegate.swift */ = {isa = PBXFileReference; lastKnownFileType = sourcecode.swift; path = AppDelegate.swift; sourceTree = "<group>"; };
		71AAF92924D1CF930097F048 /* SceneDelegate.swift */ = {isa = PBXFileReference; lastKnownFileType = sourcecode.swift; path = SceneDelegate.swift; sourceTree = "<group>"; };
		71AAF92B24D1CF930097F048 /* ContentView.swift */ = {isa = PBXFileReference; lastKnownFileType = sourcecode.swift; path = ContentView.swift; sourceTree = "<group>"; };
		71AAF92D24D1CF980097F048 /* Assets.xcassets */ = {isa = PBXFileReference; lastKnownFileType = folder.assetcatalog; path = Assets.xcassets; sourceTree = "<group>"; };
		71AAF93024D1CF980097F048 /* Preview Assets.xcassets */ = {isa = PBXFileReference; lastKnownFileType = folder.assetcatalog; path = "Preview Assets.xcassets"; sourceTree = "<group>"; };
		71AAF93324D1CF980097F048 /* Base */ = {isa = PBXFileReference; lastKnownFileType = file.storyboard; name = Base; path = Base.lproj/LaunchScreen.storyboard; sourceTree = "<group>"; };
		71AAF93524D1CF980097F048 /* Info.plist */ = {isa = PBXFileReference; lastKnownFileType = text.plist.xml; path = Info.plist; sourceTree = "<group>"; };
		71AAF93B24D1CFD20097F048 /* Segment.swift */ = {isa = PBXFileReference; lastKnownFileType = sourcecode.swift; path = Segment.swift; sourceTree = "<group>"; };
		71AAF93D24D1D2000097F048 /* DigitalNumber.swift */ = {isa = PBXFileReference; lastKnownFileType = sourcecode.swift; path = DigitalNumber.swift; sourceTree = "<group>"; };
		71AAF94124D208CC0097F048 /* Colon.swift */ = {isa = PBXFileReference; lastKnownFileType = sourcecode.swift; path = Colon.swift; sourceTree = "<group>"; };
		71AAF94324D20C8A0097F048 /* DigitalClock24.swift */ = {isa = PBXFileReference; lastKnownFileType = sourcecode.swift; path = DigitalClock24.swift; sourceTree = "<group>"; };
/* End PBXFileReference section */

/* Begin PBXFrameworksBuildPhase section */
		71AAF92124D1CF930097F048 /* Frameworks */ = {
			isa = PBXFrameworksBuildPhase;
			buildActionMask = 2147483647;
			files = (
			);
			runOnlyForDeploymentPostprocessing = 0;
		};
/* End PBXFrameworksBuildPhase section */

/* Begin PBXGroup section */
		71AAF91B24D1CF930097F048 = {
			isa = PBXGroup;
			children = (
				71AAF92624D1CF930097F048 /* Digital Clock */,
				71AAF92524D1CF930097F048 /* Products */,
			);
			sourceTree = "<group>";
		};
		71AAF92524D1CF930097F048 /* Products */ = {
			isa = PBXGroup;
			children = (
				71AAF92424D1CF930097F048 /* Digital Clock.app */,
			);
			name = Products;
			sourceTree = "<group>";
		};
		71AAF92624D1CF930097F048 /* Digital Clock */ = {
			isa = PBXGroup;
			children = (
				71AAF92724D1CF930097F048 /* AppDelegate.swift */,
				71AAF92924D1CF930097F048 /* SceneDelegate.swift */,
				71AAF92B24D1CF930097F048 /* ContentView.swift */,
				71AAF93D24D1D2000097F048 /* DigitalNumber.swift */,
				71AAF94324D20C8A0097F048 /* DigitalClock24.swift */,
				7163880B24D3071C00A551C8 /* DigitalClock12.swift */,
				71AAF93B24D1CFD20097F048 /* Segment.swift */,
				71AAF94124D208CC0097F048 /* Colon.swift */,
				7163880D24D307B900A551C8 /* TimeIndicator.swift */,
				71AAF92D24D1CF980097F048 /* Assets.xcassets */,
				71AAF93224D1CF980097F048 /* LaunchScreen.storyboard */,
				71AAF93524D1CF980097F048 /* Info.plist */,
				71AAF92F24D1CF980097F048 /* Preview Content */,
			);
			path = "Digital Clock";
			sourceTree = "<group>";
		};
		71AAF92F24D1CF980097F048 /* Preview Content */ = {
			isa = PBXGroup;
			children = (
				71AAF93024D1CF980097F048 /* Preview Assets.xcassets */,
			);
			path = "Preview Content";
			sourceTree = "<group>";
		};
/* End PBXGroup section */

/* Begin PBXNativeTarget section */
		71AAF92324D1CF930097F048 /* Digital Clock */ = {
			isa = PBXNativeTarget;
			buildConfigurationList = 71AAF93824D1CF980097F048 /* Build configuration list for PBXNativeTarget "Digital Clock" */;
			buildPhases = (
				71AAF92024D1CF930097F048 /* Sources */,
				71AAF92124D1CF930097F048 /* Frameworks */,
				71AAF92224D1CF930097F048 /* Resources */,
			);
			buildRules = (
			);
			dependencies = (
			);
			name = "Digital Clock";
			productName = "Digital Clock";
			productReference = 71AAF92424D1CF930097F048 /* Digital Clock.app */;
			productType = "com.apple.product-type.application";
		};
/* End PBXNativeTarget section */

/* Begin PBXProject section */
		71AAF91C24D1CF930097F048 /* Project object */ = {
			isa = PBXProject;
			attributes = {
				LastSwiftUpdateCheck = 1160;
				LastUpgradeCheck = 1160;
				ORGANIZATIONNAME = "BOUBERBOUCHE Antoine";
				TargetAttributes = {
					71AAF92324D1CF930097F048 = {
						CreatedOnToolsVersion = 11.6;
					};
				};
			};
			buildConfigurationList = 71AAF91F24D1CF930097F048 /* Build configuration list for PBXProject "Digital Clock" */;
			compatibilityVersion = "Xcode 9.3";
			developmentRegion = en;
			hasScannedForEncodings = 0;
			knownRegions = (
				en,
				Base,
			);
			mainGroup = 71AAF91B24D1CF930097F048;
			productRefGroup = 71AAF92524D1CF930097F048 /* Products */;
			projectDirPath = "";
			projectRoot = "";
			targets = (
				71AAF92324D1CF930097F048 /* Digital Clock */,
			);
		};
/* End PBXProject section */

/* Begin PBXResourcesBuildPhase section */
		71AAF92224D1CF930097F048 /* Resources */ = {
			isa = PBXResourcesBuildPhase;
			buildActionMask = 2147483647;
			files = (
				71AAF93424D1CF980097F048 /* LaunchScreen.storyboard in Resources */,
				71AAF93124D1CF980097F048 /* Preview Assets.xcassets in Resources */,
				71AAF92E24D1CF980097F048 /* Assets.xcassets in Resources */,
			);
			runOnlyForDeploymentPostprocessing = 0;
		};
/* End PBXResourcesBuildPhase section */

/* Begin PBXSourcesBuildPhase section */
		71AAF92024D1CF930097F048 /* Sources */ = {
			isa = PBXSourcesBuildPhase;
			buildActionMask = 2147483647;
			files = (
				71AAF93E24D1D2000097F048 /* DigitalNumber.swift in Sources */,
				71AAF92824D1CF930097F048 /* AppDelegate.swift in Sources */,
				71AAF92A24D1CF930097F048 /* SceneDelegate.swift in Sources */,
				71AAF94224D208CC0097F048 /* Colon.swift in Sources */,
				71AAF92C24D1CF930097F048 /* ContentView.swift in Sources */,
				71AAF93C24D1CFD20097F048 /* Segment.swift in Sources */,
				71AAF94424D20C8A0097F048 /* DigitalClock24.swift in Sources */,
				7163880E24D307B900A551C8 /* TimeIndicator.swift in Sources */,
				7163880C24D3071C00A551C8 /* DigitalClock12.swift in Sources */,
			);
			runOnlyForDeploymentPostprocessing = 0;
		};
/* End PBXSourcesBuildPhase section */

/* Begin PBXVariantGroup section */
		71AAF93224D1CF980097F048 /* LaunchScreen.storyboard */ = {
			isa = PBXVariantGroup;
			children = (
				71AAF93324D1CF980097F048 /* Base */,
			);
			name = LaunchScreen.storyboard;
			sourceTree = "<group>";
		};
/* End PBXVariantGroup section */

/* Begin XCBuildConfiguration section */
		71AAF93624D1CF980097F048 /* Debug */ = {
			isa = XCBuildConfiguration;
			buildSettings = {
				ALWAYS_SEARCH_USER_PATHS = NO;
				CLANG_ANALYZER_NONNULL = YES;
				CLANG_ANALYZER_NUMBER_OBJECT_CONVERSION = YES_AGGRESSIVE;
				CLANG_CXX_LANGUAGE_STANDARD = "gnu++14";
				CLANG_CXX_LIBRARY = "libc++";
				CLANG_ENABLE_MODULES = YES;
				CLANG_ENABLE_OBJC_ARC = YES;
				CLANG_ENABLE_OBJC_WEAK = YES;
				CLANG_WARN_BLOCK_CAPTURE_AUTORELEASING = YES;
				CLANG_WARN_BOOL_CONVERSION = YES;
				CLANG_WARN_COMMA = YES;
				CLANG_WARN_CONSTANT_CONVERSION = YES;
				CLANG_WARN_DEPRECATED_OBJC_IMPLEMENTATIONS = YES;
				CLANG_WARN_DIRECT_OBJC_ISA_USAGE = YES_ERROR;
				CLANG_WARN_DOCUMENTATION_COMMENTS = YES;
				CLANG_WARN_EMPTY_BODY = YES;
				CLANG_WARN_ENUM_CONVERSION = YES;
				CLANG_WARN_INFINITE_RECURSION = YES;
				CLANG_WARN_INT_CONVERSION = YES;
				CLANG_WARN_NON_LITERAL_NULL_CONVERSION = YES;
				CLANG_WARN_OBJC_IMPLICIT_RETAIN_SELF = YES;
				CLANG_WARN_OBJC_LITERAL_CONVERSION = YES;
				CLANG_WARN_OBJC_ROOT_CLASS = YES_ERROR;
				CLANG_WARN_RANGE_LOOP_ANALYSIS = YES;
				CLANG_WARN_STRICT_PROTOTYPES = YES;
				CLANG_WARN_SUSPICIOUS_MOVE = YES;
				CLANG_WARN_UNGUARDED_AVAILABILITY = YES_AGGRESSIVE;
				CLANG_WARN_UNREACHABLE_CODE = YES;
				CLANG_WARN__DUPLICATE_METHOD_MATCH = YES;
				COPY_PHASE_STRIP = NO;
				DEBUG_INFORMATION_FORMAT = dwarf;
				ENABLE_STRICT_OBJC_MSGSEND = YES;
				ENABLE_TESTABILITY = YES;
				GCC_C_LANGUAGE_STANDARD = gnu11;
				GCC_DYNAMIC_NO_PIC = NO;
				GCC_NO_COMMON_BLOCKS = YES;
				GCC_OPTIMIZATION_LEVEL = 0;
				GCC_PREPROCESSOR_DEFINITIONS = (
					"DEBUG=1",
					"$(inherited)",
				);
				GCC_WARN_64_TO_32_BIT_CONVERSION = YES;
				GCC_WARN_ABOUT_RETURN_TYPE = YES_ERROR;
				GCC_WARN_UNDECLARED_SELECTOR = YES;
				GCC_WARN_UNINITIALIZED_AUTOS = YES_AGGRESSIVE;
				GCC_WARN_UNUSED_FUNCTION = YES;
				GCC_WARN_UNUSED_VARIABLE = YES;
				IPHONEOS_DEPLOYMENT_TARGET = 13.6;
				MTL_ENABLE_DEBUG_INFO = INCLUDE_SOURCE;
				MTL_FAST_MATH = YES;
				ONLY_ACTIVE_ARCH = YES;
				SDKROOT = iphoneos;
				SWIFT_ACTIVE_COMPILATION_CONDITIONS = DEBUG;
				SWIFT_OPTIMIZATION_LEVEL = "-Onone";
			};
			name = Debug;
		};
		71AAF93724D1CF980097F048 /* Release */ = {
			isa = XCBuildConfiguration;
			buildSettings = {
				ALWAYS_SEARCH_USER_PATHS = NO;
				CLANG_ANALYZER_NONNULL = YES;
				CLANG_ANALYZER_NUMBER_OBJECT_CONVERSION = YES_AGGRESSIVE;
				CLANG_CXX_LANGUAGE_STANDARD = "gnu++14";
				CLANG_CXX_LIBRARY = "libc++";
				CLANG_ENABLE_MODULES = YES;
				CLANG_ENABLE_OBJC_ARC = YES;
				CLANG_ENABLE_OBJC_WEAK = YES;
				CLANG_WARN_BLOCK_CAPTURE_AUTORELEASING = YES;
				CLANG_WARN_BOOL_CONVERSION = YES;
				CLANG_WARN_COMMA = YES;
				CLANG_WARN_CONSTANT_CONVERSION = YES;
				CLANG_WARN_DEPRECATED_OBJC_IMPLEMENTATIONS = YES;
				CLANG_WARN_DIRECT_OBJC_ISA_USAGE = YES_ERROR;
				CLANG_WARN_DOCUMENTATION_COMMENTS = YES;
				CLANG_WARN_EMPTY_BODY = YES;
				CLANG_WARN_ENUM_CONVERSION = YES;
				CLANG_WARN_INFINITE_RECURSION = YES;
				CLANG_WARN_INT_CONVERSION = YES;
				CLANG_WARN_NON_LITERAL_NULL_CONVERSION = YES;
				CLANG_WARN_OBJC_IMPLICIT_RETAIN_SELF = YES;
				CLANG_WARN_OBJC_LITERAL_CONVERSION = YES;
				CLANG_WARN_OBJC_ROOT_CLASS = YES_ERROR;
				CLANG_WARN_RANGE_LOOP_ANALYSIS = YES;
				CLANG_WARN_STRICT_PROTOTYPES = YES;
				CLANG_WARN_SUSPICIOUS_MOVE = YES;
				CLANG_WARN_UNGUARDED_AVAILABILITY = YES_AGGRESSIVE;
				CLANG_WARN_UNREACHABLE_CODE = YES;
				CLANG_WARN__DUPLICATE_METHOD_MATCH = YES;
				COPY_PHASE_STRIP = NO;
				DEBUG_INFORMATION_FORMAT = "dwarf-with-dsym";
				ENABLE_NS_ASSERTIONS = NO;
				ENABLE_STRICT_OBJC_MSGSEND = YES;
				GCC_C_LANGUAGE_STANDARD = gnu11;
				GCC_NO_COMMON_BLOCKS = YES;
				GCC_WARN_64_TO_32_BIT_CONVERSION = YES;
				GCC_WARN_ABOUT_RETURN_TYPE = YES_ERROR;
				GCC_WARN_UNDECLARED_SELECTOR = YES;
				GCC_WARN_UNINITIALIZED_AUTOS = YES_AGGRESSIVE;
				GCC_WARN_UNUSED_FUNCTION = YES;
				GCC_WARN_UNUSED_VARIABLE = YES;
				IPHONEOS_DEPLOYMENT_TARGET = 13.6;
				MTL_ENABLE_DEBUG_INFO = NO;
				MTL_FAST_MATH = YES;
				SDKROOT = iphoneos;
				SWIFT_COMPILATION_MODE = wholemodule;
				SWIFT_OPTIMIZATION_LEVEL = "-O";
				VALIDATE_PRODUCT = YES;
			};
			name = Release;
		};
		71AAF93924D1CF980097F048 /* Debug */ = {
			isa = XCBuildConfiguration;
			buildSettings = {
				ASSETCATALOG_COMPILER_APPICON_NAME = AppIcon;
				CODE_SIGN_STYLE = Automatic;
				DEVELOPMENT_ASSET_PATHS = "\"Digital Clock/Preview Content\"";
				DEVELOPMENT_TEAM = PP39C69WNU;
				ENABLE_PREVIEWS = YES;
				INFOPLIST_FILE = "Digital Clock/Info.plist";
				IPHONEOS_DEPLOYMENT_TARGET = 14.0;
				LD_RUNPATH_SEARCH_PATHS = (
					"$(inherited)",
					"@executable_path/Frameworks",
				);
				PRODUCT_BUNDLE_IDENTIFIER = "com.commeunchinois.Digital-Clock";
				PRODUCT_NAME = "$(TARGET_NAME)";
				SWIFT_VERSION = 5.0;
				TARGETED_DEVICE_FAMILY = "1,2";
			};
			name = Debug;
		};
		71AAF93A24D1CF980097F048 /* Release */ = {
			isa = XCBuildConfiguration;
			buildSettings = {
				ASSETCATALOG_COMPILER_APPICON_NAME = AppIcon;
				CODE_SIGN_STYLE = Automatic;
				DEVELOPMENT_ASSET_PATHS = "\"Digital Clock/Preview Content\"";
				DEVELOPMENT_TEAM = PP39C69WNU;
				ENABLE_PREVIEWS = YES;
				INFOPLIST_FILE = "Digital Clock/Info.plist";
				IPHONEOS_DEPLOYMENT_TARGET = 14.0;
				LD_RUNPATH_SEARCH_PATHS = (
					"$(inherited)",
					"@executable_path/Frameworks",
				);
				PRODUCT_BUNDLE_IDENTIFIER = "com.commeunchinois.Digital-Clock";
				PRODUCT_NAME = "$(TARGET_NAME)";
				SWIFT_VERSION = 5.0;
				TARGETED_DEVICE_FAMILY = "1,2";
			};
			name = Release;
		};
/* End XCBuildConfiguration section */

/* Begin XCConfigurationList section */
		71AAF91F24D1CF930097F048 /* Build configuration list for PBXProject "Digital Clock" */ = {
			isa = XCConfigurationList;
			buildConfigurations = (
				71AAF93624D1CF980097F048 /* Debug */,
				71AAF93724D1CF980097F048 /* Release */,
			);
			defaultConfigurationIsVisible = 0;
			defaultConfigurationName = Release;
		};
		71AAF93824D1CF980097F048 /* Build configuration list for PBXNativeTarget "Digital Clock" */ = {
			isa = XCConfigurationList;
			buildConfigurations = (
				71AAF93924D1CF980097F048 /* Debug */,
				71AAF93A24D1CF980097F048 /* Release */,
			);
			defaultConfigurationIsVisible = 0;
			defaultConfigurationName = Release;
		};
/* End XCConfigurationList section */
	};
	rootObject = 71AAF91C24D1CF930097F048 /* Project object */;
}
